{"1.2.0",
[{<<"bbmustache">>,{pkg,<<"bbmustache">>,<<"1.12.2">>},0},
 {<<"cowboy">>,{pkg,<<"cowboy">>,<<"2.13.0">>},0},
 {<<"cowlib">>,{pkg,<<"cowlib">>,<<"2.15.0">>},1},
 {<<"prometheus">>,{pkg,<<"prometheus">>,<<"4.9.1">>},0},
 {<<"quantile_estimator">>,{pkg,<<"quantile_estimator">>,<<"0.2.1">>},1},
 {<<"ranch">>,{pkg,<<"ranch">>,<<"2.2.0">>},1},
 {<<"vsn_transform">>,{pkg,<<"vsn_transform">>,<<"1.0.2">>},0}]}.
[
{pkg_hash,[
 {<<"bbmustache">>, <<"0CABDCE0DB9FE6D3318131174B9F2B351328A4C0AFBEB3E6E99BB0E02E9B621D">>},
 {<<"cowboy">>, <<"09D770DD5F6A22CC60C071F432CD7CB87776164527F205C5A6B0F24FF6B38990">>},
 {<<"cowlib">>, <<"3C97A318A933962D1C12B96AB7C1D728267D2C523C25A5B57B0F93392B6E9E25">>},
 {<<"prometheus">>, <<"ECF9CCF0FDD0FEFB13B19F5216AFF8B4BDC852171F5C79133BD998CE8210CF65">>},
 {<<"quantile_estimator">>, <<"EF50A361F11B5F26B5F16D0696E46A9E4661756492C981F7B2229EF42FF1CD15">>},
 {<<"ranch">>, <<"25528F82BC8D7C6152C57666CA99EC716510FE0925CB188172F41CE93117B1B0">>},
 {<<"vsn_transform">>, <<"9D4D4612C7B364579E445079266B10B7B5C3109E70D45B32A84FE01D27E82CEB">>}]},
{pkg_hash_ext,[
 {<<"bbmustache">>, <<"688B33A4D5CC2D51F575ADF0B3683FC40A38314A2F150906EDCFC77F5B577B3B">>},
 {<<"cowboy">>, <<"E724D3A70995025D654C1992C7B11DBFEA95205C047D86FF9BF1CDA92DDC5614">>},
 {<<"cowlib">>, <<"4F00C879A64B4FE7C8FCB42A4281925E9FFDB928820B03C3AD325A617E857532">>},
 {<<"prometheus">>, <<"D75E80D7B2C1BE6BF296E211E806E939AE3D9E0428F45B4CAAD1817F028213D3">>},
 {<<"quantile_estimator">>, <<"282A8A323CA2A845C9E6F787D166348F776C1D4A41EDE63046D72D422E3DA946">>},
 {<<"ranch">>, <<"FA0B99A1780C80218A4197A59EA8D3BDAE32FBFF7E88527D7D8A4787EFF4F8E7">>},
 {<<"vsn_transform">>, <<"6CD1898417BAA18B5E4D00C6B7D3E7BE9166A35511EA37F57528A7677CB4AFC5">>}]}
].
