{"1.2.0",
[{<<"bbmustache">>,{pkg,<<"bbmustache">>,<<"1.12.2">>},0},
 {<<"cowboy">>,{pkg,<<"cowboy">>,<<"2.9.0">>},0},
 {<<"cowboy_telemetry">>,{pkg,<<"cowboy_telemetry">>,<<"0.4.0">>},0},
 {<<"cowlib">>,{pkg,<<"cowlib">>,<<"2.11.0">>},1},
 {<<"opentelemetry">>,{pkg,<<"opentelemetry">>,<<"1.3.0">>},0},
 {<<"opentelemetry_api">>,{pkg,<<"opentelemetry_api">>,<<"1.2.1">>},0},
 {<<"opentelemetry_cowboy">>,{pkg,<<"opentelemetry_cowboy">>,<<"0.2.1">>},0},
 {<<"opentelemetry_semantic_conventions">>,
  {pkg,<<"opentelemetry_semantic_conventions">>,<<"0.2.0">>},
  1},
 {<<"opentelemetry_telemetry">>,
  {pkg,<<"opentelemetry_telemetry">>,<<"1.0.0">>},
  1},
 {<<"prometheus">>,{pkg,<<"prometheus">>,<<"4.9.1">>},0},
 {<<"quantile_estimator">>,{pkg,<<"quantile_estimator">>,<<"0.2.1">>},1},
 {<<"ranch">>,{pkg,<<"ranch">>,<<"1.8.0">>},1},
 {<<"telemetry">>,{pkg,<<"telemetry">>,<<"1.2.1">>},1},
 {<<"telemetry_registry">>,{pkg,<<"telemetry_registry">>,<<"0.3.1">>},2},
 {<<"vsn_transform">>,
  {git,"https://github.com/rlipscombe/vsn_transform.git",
       {ref,"97728dcad53474754e5180cb7db360e5db2cafd5"}},
  0}]}.
[
{pkg_hash,[
 {<<"bbmustache">>, <<"0CABDCE0DB9FE6D3318131174B9F2B351328A4C0AFBEB3E6E99BB0E02E9B621D">>},
 {<<"cowboy">>, <<"865DD8B6607E14CF03282E10E934023A1BD8BE6F6BACF921A7E2A96D800CD452">>},
 {<<"cowboy_telemetry">>, <<"F239F68B588EFA7707ABCE16A84D0D2ACF3A0F50571F8BB7F56A15865AAE820C">>},
 {<<"cowlib">>, <<"0B9FF9C346629256C42EBE1EEB769A83C6CB771A6EE5960BD110AB0B9B872063">>},
 {<<"opentelemetry">>, <<"988AC3C26ACAC9720A1D4FB8D9DC52E95B45ECFEC2D5B5583276A09E8936BC5E">>},
 {<<"opentelemetry_api">>, <<"7B69ED4F40025C005DE0B74FCE8C0549625D59CB4DF12D15C32FE6DC5076FF42">>},
 {<<"opentelemetry_cowboy">>, <<"FEB09D4ABE48C6D983FD46EA7B500CDF31B0F77C80702E175FE1FD86F8A52445">>},
 {<<"opentelemetry_semantic_conventions">>, <<"B67FE459C2938FCAB341CB0951C44860C62347C005ACE1B50F8402576F241435">>},
 {<<"opentelemetry_telemetry">>, <<"D5982A319E725FCD2305B306B65C18A86AFDCF7D96821473CF0649FF88877615">>},
 {<<"prometheus">>, <<"ECF9CCF0FDD0FEFB13B19F5216AFF8B4BDC852171F5C79133BD998CE8210CF65">>},
 {<<"quantile_estimator">>, <<"EF50A361F11B5F26B5F16D0696E46A9E4661756492C981F7B2229EF42FF1CD15">>},
 {<<"ranch">>, <<"8C7A100A139FD57F17327B6413E4167AC559FBC04CA7448E9BE9057311597A1D">>},
 {<<"telemetry">>, <<"68FDFE8D8F05A8428483A97D7AAB2F268AAFF24B49E0F599FAA091F1D4E7F61C">>},
 {<<"telemetry_registry">>, <<"14A3319A7D9027BDBFF7EBCACF1A438F5F5C903057B93AEE484CCA26F05BDCBA">>}]},
{pkg_hash_ext,[
 {<<"bbmustache">>, <<"688B33A4D5CC2D51F575ADF0B3683FC40A38314A2F150906EDCFC77F5B577B3B">>},
 {<<"cowboy">>, <<"2C729F934B4E1AA149AFF882F57C6372C15399A20D54F65C8D67BEF583021BDE">>},
 {<<"cowboy_telemetry">>, <<"7D98BAC1EE4565D31B62D59F8823DFD8356A169E7FCBB83831B8A5397404C9DE">>},
 {<<"cowlib">>, <<"2B3E9DA0B21C4565751A6D4901C20D1B4CC25CBB7FD50D91D2AB6DD287BC86A9">>},
 {<<"opentelemetry">>, <<"8E09EDC26AAD11161509D7ECAD854A3285D88580F93B63B0B1CF0BAC332BFCC0">>},
 {<<"opentelemetry_api">>, <<"6D7A27B7CAD2AD69A09CABF6670514CAFCEC717C8441BEB5C96322BAC3D05350">>},
 {<<"opentelemetry_cowboy">>, <<"21BA198DD51294211A498DEE720A30D2C2CB4D35DDC843D84F2D4E0A9681BE49">>},
 {<<"opentelemetry_semantic_conventions">>, <<"D61FA1F5639EE8668D74B527E6806E0503EFC55A42DB7B5F39939D84C07D6895">>},
 {<<"opentelemetry_telemetry">>, <<"3401D13A1D4B7AA941A77E6B3EC074F0AE77F83B5B2206766CE630123A9291A9">>},
 {<<"prometheus">>, <<"D75E80D7B2C1BE6BF296E211E806E939AE3D9E0428F45B4CAAD1817F028213D3">>},
 {<<"quantile_estimator">>, <<"282A8A323CA2A845C9E6F787D166348F776C1D4A41EDE63046D72D422E3DA946">>},
 {<<"ranch">>, <<"49FBCFD3682FAB1F5D109351B61257676DA1A2FDBE295904176D5E521A2DDFE5">>},
 {<<"telemetry">>, <<"DAD9CE9D8EFFC621708F99EAC538EF1CBE05D6A874DD741DE2E689C47FEAFED5">>},
 {<<"telemetry_registry">>, <<"6D0CA77B691CF854ED074B459A93B87F4C7F5512F8F7743C635CA83DA81F939E">>}]}
].
